schema: '2.0'
stages:
  prepare:
    cmd: python src/prepare.py data/data.xml
    deps:
    - path: data/data.xml
      md5: 4bd325a30d5f1d5ea1a451d98767ddde
      size: 59918667
    - path: src/prepare.py
      md5: f09ea0c15980b43010257ccb9f0055e2
      size: 1576
    params:
      params.yaml:
        prepare.seed: 20170428
        prepare.split: 0.2
    outs:
    - path: data/prepared
      md5: f8934609be51496ee500f80eea539c6f.dir
      size: 35339221
      nfiles: 2
  featurize:
    cmd: python src/featurization.py data/prepared data/features
    deps:
    - path: data/prepared
      md5: f8934609be51496ee500f80eea539c6f.dir
      size: 35339221
      nfiles: 2
    - path: src/featurization.py
      md5: e0265fc22f056a4b86d85c3056bc2894
      size: 2490
    params:
      params.yaml:
        featurize.max_features: 200
        featurize.ngrams: 2
    outs:
    - path: data/features
      md5: cd13a19bfb4e1c433624cde372ca6c78.dir
      size: 8844505
      nfiles: 2
  train:
    cmd: python src/train.py data/features model.pkl
    deps:
    - path: data/features
      md5: cd13a19bfb4e1c433624cde372ca6c78.dir
      size: 8844505
      nfiles: 2
    - path: src/train.py
      md5: c3961d777cfbd7727f9fde4851896006
      size: 967
    params:
      params.yaml:
        train.min_split: 0.01
        train.n_est: 50
        train.seed: 20170428
    outs:
    - path: model.pkl
      md5: b3eccf84fb7284abd853e86602da339b
      size: 2523640
  evaluate:
    cmd: python src/evaluate.py model.pkl data/features
    deps:
    - path: data/features
      md5: cd13a19bfb4e1c433624cde372ca6c78.dir
      size: 8844505
      nfiles: 2
    - path: model.pkl
      md5: b3eccf84fb7284abd853e86602da339b
      size: 2523640
    - path: src/evaluate.py
      md5: 44e714021a65edf881b1716e791d7f59
      size: 2346
    outs:
    - path: evaluation.json
      md5: 51f3ef2bda5baeac8b6b06981dab8bc9
      size: 72
    - path: evaluation/importance.png
      md5: 1bbd07f3b1e3d86a69250b78b9000216
      size: 31247
    - path: evaluation/plots/confusion_matrix.json
      md5: 79fc258fd394852a1e0642cefccf1f4c
      size: 487392
    - path: evaluation/plots/precision_recall.json
      md5: 37c0e64c26ddf29222ad59dc9dc9efec
      size: 145786
    - path: evaluation/plots/roc.json
      md5: 24d364ed1cfe0eadbb5b5510505a9217
      size: 159203
