schema: '2.0'
stages:
  prepare:
    cmd: python src/prepare.py data/data.xml
    deps:
    - path: data/data.xml
      md5: 22a1a2931c8370d3aeedd7183606fd7f
      size: 14445097
    - path: src/prepare.py
      md5: f09ea0c15980b43010257ccb9f0055e2
      size: 1576
    params:
      params.yaml:
        prepare.seed: 20170428
        prepare.split: 0.2
    outs:
    - path: data/prepared
      md5: 153aad06d376b6595932470e459ef42a.dir
      size: 8437363
      nfiles: 2
  featurize:
    cmd: python src/featurization.py data/prepared data/features
    deps:
    - path: data/prepared
      md5: 153aad06d376b6595932470e459ef42a.dir
      size: 8437363
      nfiles: 2
    - path: src/featurization.py
      md5: e0265fc22f056a4b86d85c3056bc2894
      size: 2490
    params:
      params.yaml:
        featurize.max_features: 200
        featurize.ngrams: 2
    outs:
    - path: data/features
      md5: f35d4cc2c552ac959ae602162b8543f3.dir
      size: 2232588
      nfiles: 2
  train:
    cmd: python src/train.py data/features model.pkl
    deps:
    - path: data/features
      md5: f35d4cc2c552ac959ae602162b8543f3.dir
      size: 2232588
      nfiles: 2
    - path: src/train.py
      md5: c3961d777cfbd7727f9fde4851896006
      size: 967
    params:
      params.yaml:
        train.min_split: 0.01
        train.n_est: 50
        train.seed: 20170428
    outs:
    - path: model.pkl
      md5: a0643551eafa88fdbbc0fd42bb85cc99
      size: 1763725
  evaluate:
    cmd: python src/evaluate.py model.pkl data/features
    deps:
    - path: data/features
      md5: f35d4cc2c552ac959ae602162b8543f3.dir
      size: 2232588
      nfiles: 2
    - path: model.pkl
      md5: a0643551eafa88fdbbc0fd42bb85cc99
      size: 1763725
    - path: src/evaluate.py
      md5: 23859b8a2b24bfca48819ee592d91706
      size: 3277
    outs:
    - path: evaluation/importance.csv
      md5: ec8fd6a247ae0c21ad6e6ab17a44a90c
      size: 851
    - path: evaluation/shap.png
      md5: 80cc1e02e89842fce4b4de851b985bf7
      size: 89380
    - path: evaluation/test.json
      md5: 099ba05938dcee126403b109f3ce793f
      size: 73
    - path: evaluation/test/plots
      md5: 7ad6ac8643faae10ce8dd96451b0ba90.dir
      size: 310211
      nfiles: 3
    - path: evaluation/train.json
      md5: 6fb8211c35ef194c3c6c990629efe83a
      size: 73
    - path: evaluation/train/plots
      md5: d360a70179fb115f5a1c9f8f480ac332.dir
      size: 723422
      nfiles: 3
